// !$*UTF8*$!
{
	archiveVersion = 1;
	classes = {
	};
	objectVersion = 46;
	objects = {

/* Begin PBXBuildFile section */
		21DB8ACE1D6A8C910004CFD2 /* AppDelegate.swift in Sources */ = {isa = PBXBuildFile; fileRef = 21DB8ACD1D6A8C910004CFD2 /* AppDelegate.swift */; };
		21DB8AD91D6A8C910004CFD2 /* Main.storyboard in Resources */ = {isa = PBXBuildFile; fileRef = 21DB8AD71D6A8C910004CFD2 /* Main.storyboard */; };
		21DB8ADB1D6A8C910004CFD2 /* Assets.xcassets in Resources */ = {isa = PBXBuildFile; fileRef = 21DB8ADA1D6A8C910004CFD2 /* Assets.xcassets */; };
		21DB8ADE1D6A8C910004CFD2 /* LaunchScreen.storyboard in Resources */ = {isa = PBXBuildFile; fileRef = 21DB8ADC1D6A8C910004CFD2 /* LaunchScreen.storyboard */; };
		21DB8AE91D6A8C910004CFD2 /* PokeMongoTests.swift in Sources */ = {isa = PBXBuildFile; fileRef = 21DB8AE81D6A8C910004CFD2 /* PokeMongoTests.swift */; };
		21DB8AF41D6A8C910004CFD2 /* PokeMongoUITests.swift in Sources */ = {isa = PBXBuildFile; fileRef = 21DB8AF31D6A8C910004CFD2 /* PokeMongoUITests.swift */; };
		21F2C2D21D727BAA00B9B2AB /* GameViewController.swift in Sources */ = {isa = PBXBuildFile; fileRef = 21F2C2D11D727BAA00B9B2AB /* GameViewController.swift */; };
		21F2C2D71D727BB500B9B2AB /* GameScene.swift in Sources */ = {isa = PBXBuildFile; fileRef = 21F2C2D31D727BB500B9B2AB /* GameScene.swift */; };
		21F2C2D81D727BB500B9B2AB /* Ball.sks in Resources */ = {isa = PBXBuildFile; fileRef = 21F2C2D41D727BB500B9B2AB /* Ball.sks */; };
		21F2C2D91D727BB500B9B2AB /* GameScene.sks in Resources */ = {isa = PBXBuildFile; fileRef = 21F2C2D51D727BB500B9B2AB /* GameScene.sks */; };
		21F2C2DA1D727BB500B9B2AB /* Actions.sks in Resources */ = {isa = PBXBuildFile; fileRef = 21F2C2D61D727BB500B9B2AB /* Actions.sks */; };
		21F2C2E11D728D9400B9B2AB /* MainViewController.swift in Sources */ = {isa = PBXBuildFile; fileRef = 21F2C2E01D728D9400B9B2AB /* MainViewController.swift */; };
/* End PBXBuildFile section */

/* Begin PBXContainerItemProxy section */
		21DB8AE51D6A8C910004CFD2 /* PBXContainerItemProxy */ = {
			isa = PBXContainerItemProxy;
			containerPortal = 21DB8AC21D6A8C910004CFD2 /* Project object */;
			proxyType = 1;
			remoteGlobalIDString = 21DB8AC91D6A8C910004CFD2;
			remoteInfo = PokeMongo;
		};
		21DB8AF01D6A8C910004CFD2 /* PBXContainerItemProxy */ = {
			isa = PBXContainerItemProxy;
			containerPortal = 21DB8AC21D6A8C910004CFD2 /* Project object */;
			proxyType = 1;
			remoteGlobalIDString = 21DB8AC91D6A8C910004CFD2;
			remoteInfo = PokeMongo;
		};
/* End PBXContainerItemProxy section */

/* Begin PBXFileReference section */
		21DB8ACA1D6A8C910004CFD2 /* PokeMongo.app */ = {isa = PBXFileReference; explicitFileType = wrapper.application; includeInIndex = 0; path = PokeMongo.app; sourceTree = BUILT_PRODUCTS_DIR; };
		21DB8ACD1D6A8C910004CFD2 /* AppDelegate.swift */ = {isa = PBXFileReference; lastKnownFileType = sourcecode.swift; path = AppDelegate.swift; sourceTree = "<group>"; };
		21DB8AD81D6A8C910004CFD2 /* Base */ = {isa = PBXFileReference; lastKnownFileType = file.storyboard; name = Base; path = Base.lproj/Main.storyboard; sourceTree = "<group>"; };
		21DB8ADA1D6A8C910004CFD2 /* Assets.xcassets */ = {isa = PBXFileReference; lastKnownFileType = folder.assetcatalog; path = Assets.xcassets; sourceTree = "<group>"; };
		21DB8ADD1D6A8C910004CFD2 /* Base */ = {isa = PBXFileReference; lastKnownFileType = file.storyboard; name = Base; path = Base.lproj/LaunchScreen.storyboard; sourceTree = "<group>"; };
		21DB8ADF1D6A8C910004CFD2 /* Info.plist */ = {isa = PBXFileReference; lastKnownFileType = text.plist.xml; path = Info.plist; sourceTree = "<group>"; };
		21DB8AE41D6A8C910004CFD2 /* PokeMongoTests.xctest */ = {isa = PBXFileReference; explicitFileType = wrapper.cfbundle; includeInIndex = 0; path = PokeMongoTests.xctest; sourceTree = BUILT_PRODUCTS_DIR; };
		21DB8AE81D6A8C910004CFD2 /* PokeMongoTests.swift */ = {isa = PBXFileReference; lastKnownFileType = sourcecode.swift; path = PokeMongoTests.swift; sourceTree = "<group>"; };
		21DB8AEA1D6A8C910004CFD2 /* Info.plist */ = {isa = PBXFileReference; lastKnownFileType = text.plist.xml; path = Info.plist; sourceTree = "<group>"; };
		21DB8AEF1D6A8C910004CFD2 /* PokeMongoUITests.xctest */ = {isa = PBXFileReference; explicitFileType = wrapper.cfbundle; includeInIndex = 0; path = PokeMongoUITests.xctest; sourceTree = BUILT_PRODUCTS_DIR; };
		21DB8AF31D6A8C910004CFD2 /* PokeMongoUITests.swift */ = {isa = PBXFileReference; lastKnownFileType = sourcecode.swift; path = PokeMongoUITests.swift; sourceTree = "<group>"; };
		21DB8AF51D6A8C910004CFD2 /* Info.plist */ = {isa = PBXFileReference; lastKnownFileType = text.plist.xml; path = Info.plist; sourceTree = "<group>"; };
		21F2C2D11D727BAA00B9B2AB /* GameViewController.swift */ = {isa = PBXFileReference; fileEncoding = 4; lastKnownFileType = sourcecode.swift; name = GameViewController.swift; path = ViewControllers/GameViewController.swift; sourceTree = "<group>"; };
		21F2C2D31D727BB500B9B2AB /* GameScene.swift */ = {isa = PBXFileReference; fileEncoding = 4; lastKnownFileType = sourcecode.swift; name = GameScene.swift; path = Scenes/GameScene.swift; sourceTree = "<group>"; };
		21F2C2D41D727BB500B9B2AB /* Ball.sks */ = {isa = PBXFileReference; lastKnownFileType = file.sks; name = Ball.sks; path = Scenes/Ball.sks; sourceTree = "<group>"; };
		21F2C2D51D727BB500B9B2AB /* GameScene.sks */ = {isa = PBXFileReference; lastKnownFileType = file.sks; name = GameScene.sks; path = Scenes/GameScene.sks; sourceTree = "<group>"; };
		21F2C2D61D727BB500B9B2AB /* Actions.sks */ = {isa = PBXFileReference; lastKnownFileType = file.sks; name = Actions.sks; path = Scenes/Actions.sks; sourceTree = "<group>"; };
		21F2C2E01D728D9400B9B2AB /* MainViewController.swift */ = {isa = PBXFileReference; fileEncoding = 4; lastKnownFileType = sourcecode.swift; name = MainViewController.swift; path = ViewControllers/MainViewController.swift; sourceTree = "<group>"; };
/* End PBXFileReference section */

/* Begin PBXFrameworksBuildPhase section */
		21DB8AC71D6A8C910004CFD2 /* Frameworks */ = {
			isa = PBXFrameworksBuildPhase;
			buildActionMask = 2147483647;
			files = (
			);
			runOnlyForDeploymentPostprocessing = 0;
		};
		21DB8AE11D6A8C910004CFD2 /* Frameworks */ = {
			isa = PBXFrameworksBuildPhase;
			buildActionMask = 2147483647;
			files = (
			);
			runOnlyForDeploymentPostprocessing = 0;
		};
		21DB8AEC1D6A8C910004CFD2 /* Frameworks */ = {
			isa = PBXFrameworksBuildPhase;
			buildActionMask = 2147483647;
			files = (
			);
			runOnlyForDeploymentPostprocessing = 0;
		};
/* End PBXFrameworksBuildPhase section */

/* Begin PBXGroup section */
		213F29881D6BA9800052AA80 /* Models */ = {
			isa = PBXGroup;
			children = (
			);
			name = Models;
			sourceTree = "<group>";
		};
		213F298D1D6BAA180052AA80 /* Scenes */ = {
			isa = PBXGroup;
			children = (
				21F2C2D31D727BB500B9B2AB /* GameScene.swift */,
				21F2C2D41D727BB500B9B2AB /* Ball.sks */,
				21F2C2D51D727BB500B9B2AB /* GameScene.sks */,
				21F2C2D61D727BB500B9B2AB /* Actions.sks */,
			);
			name = Scenes;
			sourceTree = "<group>";
		};
		213F298E1D6BAA3D0052AA80 /* ViewControllers */ = {
			isa = PBXGroup;
			children = (
				21F2C2D11D727BAA00B9B2AB /* GameViewController.swift */,
				21F2C2E01D728D9400B9B2AB /* MainViewController.swift */,
			);
			name = ViewControllers;
			sourceTree = "<group>";
		};
		213F298F1D6BAA710052AA80 /* Resources */ = {
			isa = PBXGroup;
			children = (
				213F29901D6BAA7F0052AA80 /* Images */,
			);
			name = Resources;
			sourceTree = "<group>";
		};
		213F29901D6BAA7F0052AA80 /* Images */ = {
			isa = PBXGroup;
			children = (
				21DB8ADA1D6A8C910004CFD2 /* Assets.xcassets */,
			);
			name = Images;
			sourceTree = "<group>";
		};
		213F29911D6BAA940052AA80 /* Views */ = {
			isa = PBXGroup;
			children = (
				21DB8AD71D6A8C910004CFD2 /* Main.storyboard */,
				21DB8ADC1D6A8C910004CFD2 /* LaunchScreen.storyboard */,
			);
			name = Views;
			sourceTree = "<group>";
		};
		213F29921D6BAAAF0052AA80 /* Supporting Files */ = {
			isa = PBXGroup;
			children = (
				21DB8ACD1D6A8C910004CFD2 /* AppDelegate.swift */,
				21DB8ADF1D6A8C910004CFD2 /* Info.plist */,
			);
			name = "Supporting Files";
			sourceTree = "<group>";
		};
		21DB8AC11D6A8C910004CFD2 = {
			isa = PBXGroup;
			children = (
				21DB8ACC1D6A8C910004CFD2 /* PokeMongo */,
				21DB8AE71D6A8C910004CFD2 /* PokeMongoTests */,
				21DB8AF21D6A8C910004CFD2 /* PokeMongoUITests */,
				21DB8ACB1D6A8C910004CFD2 /* Products */,
			);
			sourceTree = "<group>";
		};
		21DB8ACB1D6A8C910004CFD2 /* Products */ = {
			isa = PBXGroup;
			children = (
				21DB8ACA1D6A8C910004CFD2 /* PokeMongo.app */,
				21DB8AE41D6A8C910004CFD2 /* PokeMongoTests.xctest */,
				21DB8AEF1D6A8C910004CFD2 /* PokeMongoUITests.xctest */,
			);
			name = Products;
			sourceTree = "<group>";
		};
		21DB8ACC1D6A8C910004CFD2 /* PokeMongo */ = {
			isa = PBXGroup;
			children = (
				213F29881D6BA9800052AA80 /* Models */,
				21F2C2DB1D727BBF00B9B2AB /* Particles */,
				213F298F1D6BAA710052AA80 /* Resources */,
				213F298D1D6BAA180052AA80 /* Scenes */,
				213F29921D6BAAAF0052AA80 /* Supporting Files */,
				213F298E1D6BAA3D0052AA80 /* ViewControllers */,
				213F29911D6BAA940052AA80 /* Views */,
			);
			path = PokeMongo;
			sourceTree = "<group>";
		};
		21DB8AE71D6A8C910004CFD2 /* PokeMongoTests */ = {
			isa = PBXGroup;
			children = (
				21DB8AE81D6A8C910004CFD2 /* PokeMongoTests.swift */,
				21DB8AEA1D6A8C910004CFD2 /* Info.plist */,
			);
			path = PokeMongoTests;
			sourceTree = "<group>";
		};
		21DB8AF21D6A8C910004CFD2 /* PokeMongoUITests */ = {
			isa = PBXGroup;
			children = (
				21DB8AF31D6A8C910004CFD2 /* PokeMongoUITests.swift */,
				21DB8AF51D6A8C910004CFD2 /* Info.plist */,
			);
			path = PokeMongoUITests;
			sourceTree = "<group>";
		};
		21F2C2DB1D727BBF00B9B2AB /* Particles */ = {
			isa = PBXGroup;
			children = (
			);
			name = Particles;
			sourceTree = "<group>";
		};
/* End PBXGroup section */

/* Begin PBXNativeTarget section */
		21DB8AC91D6A8C910004CFD2 /* PokeMongo */ = {
			isa = PBXNativeTarget;
			buildConfigurationList = 21DB8AF81D6A8C910004CFD2 /* Build configuration list for PBXNativeTarget "PokeMongo" */;
			buildPhases = (
				21DB8AC61D6A8C910004CFD2 /* Sources */,
				21DB8AC71D6A8C910004CFD2 /* Frameworks */,
				21DB8AC81D6A8C910004CFD2 /* Resources */,
			);
			buildRules = (
			);
			dependencies = (
			);
			name = PokeMongo;
			productName = PokeMongo;
			productReference = 21DB8ACA1D6A8C910004CFD2 /* PokeMongo.app */;
			productType = "com.apple.product-type.application";
		};
		21DB8AE31D6A8C910004CFD2 /* PokeMongoTests */ = {
			isa = PBXNativeTarget;
			buildConfigurationList = 21DB8AFB1D6A8C910004CFD2 /* Build configuration list for PBXNativeTarget "PokeMongoTests" */;
			buildPhases = (
				21DB8AE01D6A8C910004CFD2 /* Sources */,
				21DB8AE11D6A8C910004CFD2 /* Frameworks */,
				21DB8AE21D6A8C910004CFD2 /* Resources */,
			);
			buildRules = (
			);
			dependencies = (
				21DB8AE61D6A8C910004CFD2 /* PBXTargetDependency */,
			);
			name = PokeMongoTests;
			productName = PokeMongoTests;
			productReference = 21DB8AE41D6A8C910004CFD2 /* PokeMongoTests.xctest */;
			productType = "com.apple.product-type.bundle.unit-test";
		};
		21DB8AEE1D6A8C910004CFD2 /* PokeMongoUITests */ = {
			isa = PBXNativeTarget;
			buildConfigurationList = 21DB8AFE1D6A8C910004CFD2 /* Build configuration list for PBXNativeTarget "PokeMongoUITests" */;
			buildPhases = (
				21DB8AEB1D6A8C910004CFD2 /* Sources */,
				21DB8AEC1D6A8C910004CFD2 /* Frameworks */,
				21DB8AED1D6A8C910004CFD2 /* Resources */,
			);
			buildRules = (
			);
			dependencies = (
				21DB8AF11D6A8C910004CFD2 /* PBXTargetDependency */,
			);
			name = PokeMongoUITests;
			productName = PokeMongoUITests;
			productReference = 21DB8AEF1D6A8C910004CFD2 /* PokeMongoUITests.xctest */;
			productType = "com.apple.product-type.bundle.ui-testing";
		};
/* End PBXNativeTarget section */

/* Begin PBXProject section */
		21DB8AC21D6A8C910004CFD2 /* Project object */ = {
			isa = PBXProject;
			attributes = {
				LastSwiftUpdateCheck = 0800;
				LastUpgradeCheck = 0800;
				ORGANIZATIONNAME = SarahEOlson;
				TargetAttributes = {
					21DB8AC91D6A8C910004CFD2 = {
						CreatedOnToolsVersion = 8.0;
						DevelopmentTeam = 4SR4ST5E9E;
						ProvisioningStyle = Automatic;
					};
					21DB8AE31D6A8C910004CFD2 = {
						CreatedOnToolsVersion = 8.0;
						DevelopmentTeam = 4SR4ST5E9E;
						ProvisioningStyle = Automatic;
						TestTargetID = 21DB8AC91D6A8C910004CFD2;
					};
					21DB8AEE1D6A8C910004CFD2 = {
						CreatedOnToolsVersion = 8.0;
						DevelopmentTeam = 4SR4ST5E9E;
						ProvisioningStyle = Automatic;
						TestTargetID = 21DB8AC91D6A8C910004CFD2;
					};
				};
			};
			buildConfigurationList = 21DB8AC51D6A8C910004CFD2 /* Build configuration list for PBXProject "PokeMongo" */;
			compatibilityVersion = "Xcode 3.2";
			developmentRegion = English;
			hasScannedForEncodings = 0;
			knownRegions = (
				en,
				Base,
			);
			mainGroup = 21DB8AC11D6A8C910004CFD2;
			productRefGroup = 21DB8ACB1D6A8C910004CFD2 /* Products */;
			projectDirPath = "";
			projectRoot = "";
			targets = (
				21DB8AC91D6A8C910004CFD2 /* PokeMongo */,
				21DB8AE31D6A8C910004CFD2 /* PokeMongoTests */,
				21DB8AEE1D6A8C910004CFD2 /* PokeMongoUITests */,
			);
		};
/* End PBXProject section */

/* Begin PBXResourcesBuildPhase section */
		21DB8AC81D6A8C910004CFD2 /* Resources */ = {
			isa = PBXResourcesBuildPhase;
			buildActionMask = 2147483647;
			files = (
				21DB8AD91D6A8C910004CFD2 /* Main.storyboard in Resources */,
				21F2C2DA1D727BB500B9B2AB /* Actions.sks in Resources */,
				21F2C2D91D727BB500B9B2AB /* GameScene.sks in Resources */,
				21DB8ADB1D6A8C910004CFD2 /* Assets.xcassets in Resources */,
				21F2C2D81D727BB500B9B2AB /* Ball.sks in Resources */,
				21DB8ADE1D6A8C910004CFD2 /* LaunchScreen.storyboard in Resources */,
			);
			runOnlyForDeploymentPostprocessing = 0;
		};
		21DB8AE21D6A8C910004CFD2 /* Resources */ = {
			isa = PBXResourcesBuildPhase;
			buildActionMask = 2147483647;
			files = (
			);
			runOnlyForDeploymentPostprocessing = 0;
		};
		21DB8AED1D6A8C910004CFD2 /* Resources */ = {
			isa = PBXResourcesBuildPhase;
			buildActionMask = 2147483647;
			files = (
			);
			runOnlyForDeploymentPostprocessing = 0;
		};
/* End PBXResourcesBuildPhase section */

/* Begin PBXSourcesBuildPhase section */
		21DB8AC61D6A8C910004CFD2 /* Sources */ = {
			isa = PBXSourcesBuildPhase;
			buildActionMask = 2147483647;
			files = (
				21F2C2D71D727BB500B9B2AB /* GameScene.swift in Sources */,
				21F2C2D21D727BAA00B9B2AB /* GameViewController.swift in Sources */,
				21F2C2E11D728D9400B9B2AB /* MainViewController.swift in Sources */,
				21DB8ACE1D6A8C910004CFD2 /* AppDelegate.swift in Sources */,
			);
			runOnlyForDeploymentPostprocessing = 0;
		};
		21DB8AE01D6A8C910004CFD2 /* Sources */ = {
			isa = PBXSourcesBuildPhase;
			buildActionMask = 2147483647;
			files = (
				21DB8AE91D6A8C910004CFD2 /* PokeMongoTests.swift in Sources */,
			);
			runOnlyForDeploymentPostprocessing = 0;
		};
		21DB8AEB1D6A8C910004CFD2 /* Sources */ = {
			isa = PBXSourcesBuildPhase;
			buildActionMask = 2147483647;
			files = (
				21DB8AF41D6A8C910004CFD2 /* PokeMongoUITests.swift in Sources */,
			);
			runOnlyForDeploymentPostprocessing = 0;
		};
/* End PBXSourcesBuildPhase section */

/* Begin PBXTargetDependency section */
		21DB8AE61D6A8C910004CFD2 /* PBXTargetDependency */ = {
			isa = PBXTargetDependency;
			target = 21DB8AC91D6A8C910004CFD2 /* PokeMongo */;
			targetProxy = 21DB8AE51D6A8C910004CFD2 /* PBXContainerItemProxy */;
		};
		21DB8AF11D6A8C910004CFD2 /* PBXTargetDependency */ = {
			isa = PBXTargetDependency;
			target = 21DB8AC91D6A8C910004CFD2 /* PokeMongo */;
			targetProxy = 21DB8AF01D6A8C910004CFD2 /* PBXContainerItemProxy */;
		};
/* End PBXTargetDependency section */

/* Begin PBXVariantGroup section */
		21DB8AD71D6A8C910004CFD2 /* Main.storyboard */ = {
			isa = PBXVariantGroup;
			children = (
				21DB8AD81D6A8C910004CFD2 /* Base */,
			);
			name = Main.storyboard;
			sourceTree = "<group>";
		};
		21DB8ADC1D6A8C910004CFD2 /* LaunchScreen.storyboard */ = {
			isa = PBXVariantGroup;
			children = (
				21DB8ADD1D6A8C910004CFD2 /* Base */,
			);
			name = LaunchScreen.storyboard;
			sourceTree = "<group>";
		};
/* End PBXVariantGroup section */

/* Begin XCBuildConfiguration section */
		21DB8AF61D6A8C910004CFD2 /* Debug */ = {
			isa = XCBuildConfiguration;
			buildSettings = {
				ALWAYS_SEARCH_USER_PATHS = NO;
				CLANG_ANALYZER_NONNULL = YES;
				CLANG_CXX_LANGUAGE_STANDARD = "gnu++0x";
				CLANG_CXX_LIBRARY = "libc++";
				CLANG_ENABLE_MODULES = YES;
				CLANG_ENABLE_OBJC_ARC = YES;
				CLANG_WARN_BOOL_CONVERSION = YES;
				CLANG_WARN_CONSTANT_CONVERSION = YES;
				CLANG_WARN_DIRECT_OBJC_ISA_USAGE = YES_ERROR;
				CLANG_WARN_DOCUMENTATION_COMMENTS = YES;
				CLANG_WARN_EMPTY_BODY = YES;
				CLANG_WARN_ENUM_CONVERSION = YES;
				CLANG_WARN_INFINITE_RECURSION = YES;
				CLANG_WARN_INT_CONVERSION = YES;
				CLANG_WARN_OBJC_ROOT_CLASS = YES_ERROR;
				CLANG_WARN_SUSPICIOUS_MOVES = YES;
				CLANG_WARN_UNREACHABLE_CODE = YES;
				CLANG_WARN__DUPLICATE_METHOD_MATCH = YES;
				"CODE_SIGN_IDENTITY[sdk=iphoneos*]" = "iPhone Developer";
				COPY_PHASE_STRIP = NO;
				DEBUG_INFORMATION_FORMAT = dwarf;
				ENABLE_STRICT_OBJC_MSGSEND = YES;
				ENABLE_TESTABILITY = YES;
				GCC_C_LANGUAGE_STANDARD = gnu99;
				GCC_DYNAMIC_NO_PIC = NO;
				GCC_NO_COMMON_BLOCKS = YES;
				GCC_OPTIMIZATION_LEVEL = 0;
				GCC_PREPROCESSOR_DEFINITIONS = (
					"DEBUG=1",
					"$(inherited)",
				);
				GCC_WARN_64_TO_32_BIT_CONVERSION = YES;
				GCC_WARN_ABOUT_RETURN_TYPE = YES_ERROR;
				GCC_WARN_UNDECLARED_SELECTOR = YES;
				GCC_WARN_UNINITIALIZED_AUTOS = YES_AGGRESSIVE;
				GCC_WARN_UNUSED_FUNCTION = YES;
				GCC_WARN_UNUSED_VARIABLE = YES;
				IPHONEOS_DEPLOYMENT_TARGET = 10.0;
				MTL_ENABLE_DEBUG_INFO = YES;
				ONLY_ACTIVE_ARCH = YES;
				SDKROOT = iphoneos;
				SWIFT_ACTIVE_COMPILATION_CONDITIONS = DEBUG;
				SWIFT_OPTIMIZATION_LEVEL = "-Onone";
			};
			name = Debug;
		};
		21DB8AF71D6A8C910004CFD2 /* Release */ = {
			isa = XCBuildConfiguration;
			buildSettings = {
				ALWAYS_SEARCH_USER_PATHS = NO;
				CLANG_ANALYZER_NONNULL = YES;
				CLANG_CXX_LANGUAGE_STANDARD = "gnu++0x";
				CLANG_CXX_LIBRARY = "libc++";
				CLANG_ENABLE_MODULES = YES;
				CLANG_ENABLE_OBJC_ARC = YES;
				CLANG_WARN_BOOL_CONVERSION = YES;
				CLANG_WARN_CONSTANT_CONVERSION = YES;
				CLANG_WARN_DIRECT_OBJC_ISA_USAGE = YES_ERROR;
				CLANG_WARN_DOCUMENTATION_COMMENTS = YES;
				CLANG_WARN_EMPTY_BODY = YES;
				CLANG_WARN_ENUM_CONVERSION = YES;
				CLANG_WARN_INFINITE_RECURSION = YES;
				CLANG_WARN_INT_CONVERSION = YES;
				CLANG_WARN_OBJC_ROOT_CLASS = YES_ERROR;
				CLANG_WARN_SUSPICIOUS_MOVES = YES;
				CLANG_WARN_UNREACHABLE_CODE = YES;
				CLANG_WARN__DUPLICATE_METHOD_MATCH = YES;
				"CODE_SIGN_IDENTITY[sdk=iphoneos*]" = "iPhone Developer";
				COPY_PHASE_STRIP = NO;
				DEBUG_INFORMATION_FORMAT = "dwarf-with-dsym";
				ENABLE_NS_ASSERTIONS = NO;
				ENABLE_STRICT_OBJC_MSGSEND = YES;
				GCC_C_LANGUAGE_STANDARD = gnu99;
				GCC_NO_COMMON_BLOCKS = YES;
				GCC_WARN_64_TO_32_BIT_CONVERSION = YES;
				GCC_WARN_ABOUT_RETURN_TYPE = YES_ERROR;
				GCC_WARN_UNDECLARED_SELECTOR = YES;
				GCC_WARN_UNINITIALIZED_AUTOS = YES_AGGRESSIVE;
				GCC_WARN_UNUSED_FUNCTION = YES;
				GCC_WARN_UNUSED_VARIABLE = YES;
				IPHONEOS_DEPLOYMENT_TARGET = 10.0;
				MTL_ENABLE_DEBUG_INFO = NO;
				SDKROOT = iphoneos;
				SWIFT_OPTIMIZATION_LEVEL = "-Owholemodule";
				VALIDATE_PRODUCT = YES;
			};
			name = Release;
		};
		21DB8AF91D6A8C910004CFD2 /* Debug */ = {
			isa = XCBuildConfiguration;
			buildSettings = {
				ASSETCATALOG_COMPILER_APPICON_NAME = AppIcon;
				DEVELOPMENT_TEAM = 4SR4ST5E9E;
				INFOPLIST_FILE = PokeMongo/Info.plist;
				IPHONEOS_DEPLOYMENT_TARGET = 10.0;
				LD_RUNPATH_SEARCH_PATHS = "$(inherited) @executable_path/Frameworks";
				PRODUCT_BUNDLE_IDENTIFIER = com.saraheolson.PokeMongo;
				PRODUCT_NAME = "$(TARGET_NAME)";
				SWIFT_VERSION = 3.0;
			};
			name = Debug;
		};
		21DB8AFA1D6A8C910004CFD2 /* Release */ = {
			isa = XCBuildConfiguration;
			buildSettings = {
				ASSETCATALOG_COMPILER_APPICON_NAME = AppIcon;
				DEVELOPMENT_TEAM = 4SR4ST5E9E;
				INFOPLIST_FILE = PokeMongo/Info.plist;
				IPHONEOS_DEPLOYMENT_TARGET = 10.0;
				LD_RUNPATH_SEARCH_PATHS = "$(inherited) @executable_path/Frameworks";
				PRODUCT_BUNDLE_IDENTIFIER = com.saraheolson.PokeMongo;
				PRODUCT_NAME = "$(TARGET_NAME)";
				SWIFT_VERSION = 3.0;
			};
			name = Release;
		};
		21DB8AFC1D6A8C910004CFD2 /* Debug */ = {
			isa = XCBuildConfiguration;
			buildSettings = {
				ALWAYS_EMBED_SWIFT_STANDARD_LIBRARIES = YES;
				BUNDLE_LOADER = "$(TEST_HOST)";
				DEVELOPMENT_TEAM = 4SR4ST5E9E;
				INFOPLIST_FILE = PokeMongoTests/Info.plist;
				LD_RUNPATH_SEARCH_PATHS = "$(inherited) @executable_path/Frameworks @loader_path/Frameworks";
				PRODUCT_BUNDLE_IDENTIFIER = com.saraheolson.PokeMongoTests;
				PRODUCT_NAME = "$(TARGET_NAME)";
				SWIFT_VERSION = 3.0;
				TEST_HOST = "$(BUILT_PRODUCTS_DIR)/PokeMongo.app/PokeMongo";
			};
			name = Debug;
		};
		21DB8AFD1D6A8C910004CFD2 /* Release */ = {
			isa = XCBuildConfiguration;
			buildSettings = {
				ALWAYS_EMBED_SWIFT_STANDARD_LIBRARIES = YES;
				BUNDLE_LOADER = "$(TEST_HOST)";
				DEVELOPMENT_TEAM = 4SR4ST5E9E;
				INFOPLIST_FILE = PokeMongoTests/Info.plist;
				LD_RUNPATH_SEARCH_PATHS = "$(inherited) @executable_path/Frameworks @loader_path/Frameworks";
				PRODUCT_BUNDLE_IDENTIFIER = com.saraheolson.PokeMongoTests;
				PRODUCT_NAME = "$(TARGET_NAME)";
				SWIFT_VERSION = 3.0;
				TEST_HOST = "$(BUILT_PRODUCTS_DIR)/PokeMongo.app/PokeMongo";
			};
			name = Release;
		};
		21DB8AFF1D6A8C910004CFD2 /* Debug */ = {
			isa = XCBuildConfiguration;
			buildSettings = {
				ALWAYS_EMBED_SWIFT_STANDARD_LIBRARIES = YES;
				DEVELOPMENT_TEAM = 4SR4ST5E9E;
				INFOPLIST_FILE = PokeMongoUITests/Info.plist;
				LD_RUNPATH_SEARCH_PATHS = "$(inherited) @executable_path/Frameworks @loader_path/Frameworks";
				PRODUCT_BUNDLE_IDENTIFIER = com.saraheolson.PokeMongoUITests;
				PRODUCT_NAME = "$(TARGET_NAME)";
				SWIFT_VERSION = 3.0;
				TEST_TARGET_NAME = PokeMongo;
			};
			name = Debug;
		};
		21DB8B001D6A8C910004CFD2 /* Release */ = {
			isa = XCBuildConfiguration;
			buildSettings = {
				ALWAYS_EMBED_SWIFT_STANDARD_LIBRARIES = YES;
				DEVELOPMENT_TEAM = 4SR4ST5E9E;
				INFOPLIST_FILE = PokeMongoUITests/Info.plist;
				LD_RUNPATH_SEARCH_PATHS = "$(inherited) @executable_path/Frameworks @loader_path/Frameworks";
				PRODUCT_BUNDLE_IDENTIFIER = com.saraheolson.PokeMongoUITests;
				PRODUCT_NAME = "$(TARGET_NAME)";
				SWIFT_VERSION = 3.0;
				TEST_TARGET_NAME = PokeMongo;
			};
			name = Release;
		};
/* End XCBuildConfiguration section */

/* Begin XCConfigurationList section */
		21DB8AC51D6A8C910004CFD2 /* Build configuration list for PBXProject "PokeMongo" */ = {
			isa = XCConfigurationList;
			buildConfigurations = (
				21DB8AF61D6A8C910004CFD2 /* Debug */,
				21DB8AF71D6A8C910004CFD2 /* Release */,
			);
			defaultConfigurationIsVisible = 0;
			defaultConfigurationName = Release;
		};
		21DB8AF81D6A8C910004CFD2 /* Build configuration list for PBXNativeTarget "PokeMongo" */ = {
			isa = XCConfigurationList;
			buildConfigurations = (
				21DB8AF91D6A8C910004CFD2 /* Debug */,
				21DB8AFA1D6A8C910004CFD2 /* Release */,
			);
			defaultConfigurationIsVisible = 0;
			defaultConfigurationName = Release;
		};
		21DB8AFB1D6A8C910004CFD2 /* Build configuration list for PBXNativeTarget "PokeMongoTests" */ = {
			isa = XCConfigurationList;
			buildConfigurations = (
				21DB8AFC1D6A8C910004CFD2 /* Debug */,
				21DB8AFD1D6A8C910004CFD2 /* Release */,
			);
			defaultConfigurationIsVisible = 0;
			defaultConfigurationName = Release;
		};
		21DB8AFE1D6A8C910004CFD2 /* Build configuration list for PBXNativeTarget "PokeMongoUITests" */ = {
			isa = XCConfigurationList;
			buildConfigurations = (
				21DB8AFF1D6A8C910004CFD2 /* Debug */,
				21DB8B001D6A8C910004CFD2 /* Release */,
			);
			defaultConfigurationIsVisible = 0;
			defaultConfigurationName = Release;
		};
/* End XCConfigurationList section */
	};
	rootObject = 21DB8AC21D6A8C910004CFD2 /* Project object */;
}
